<Solution>
  <Folder Name="/demo/">
    <Project Path="demo/BoDraw.Demo/BoDraw.Demo.csproj" />
  </Folder>
  <Folder Name="/src/">
    <Project Path="src/BoDraw/BoDraw.csproj" />
  </Folder>
  <Folder Name="/tests/">
    <Project Path="tests/BoDraw.Tests/BoDraw.Tests.csproj" />
  </Folder>
</Solution>
